// !$*UTF8*$!
{
	archiveVersion = 1;
	classes = {
	};
	objectVersion = 55;
	objects = {

/* Begin PBXBuildFile section */
		0D037C572A0AA191002F7EE3 /* NewsViewConroller.swift in Sources */ = {isa = PBXBuildFile; fileRef = 0D037C562A0AA191002F7EE3 /* NewsViewConroller.swift */; };
		0D037C652A0BED28002F7EE3 /* Extensions.swift in Sources */ = {isa = PBXBuildFile; fileRef = 0D037C642A0BED28002F7EE3 /* Extensions.swift */; };
		0D037C802A0C0A3F002F7EE3 /* Fonts.swift in Sources */ = {isa = PBXBuildFile; fileRef = 0D037C7F2A0C0A3F002F7EE3 /* Fonts.swift */; };
		0D037C822A0D8C1F002F7EE3 /* BookmarksTableViewCell.swift in Sources */ = {isa = PBXBuildFile; fileRef = 0D037C812A0D8C1F002F7EE3 /* BookmarksTableViewCell.swift */; };
		0D037C842A0ED75D002F7EE3 /* TestForBookmarks.swift in Sources */ = {isa = PBXBuildFile; fileRef = 0D037C832A0ED75D002F7EE3 /* TestForBookmarks.swift */; };
		73D70D132A14058F009A83DC /* Model.swift in Sources */ = {isa = PBXBuildFile; fileRef = 73D70D122A14058F009A83DC /* Model.swift */; };
		73DBA1592A1515BA003FB173 /* Kingfisher in Frameworks */ = {isa = PBXBuildFile; productRef = 73DBA1582A1515BA003FB173 /* Kingfisher */; };
		942EBCB42A12366800679CB9 /* Header.swift in Sources */ = {isa = PBXBuildFile; fileRef = 942EBCB32A12366800679CB9 /* Header.swift */; };
		942EBCB62A12367A00679CB9 /* Source.swift in Sources */ = {isa = PBXBuildFile; fileRef = 942EBCB52A12367A00679CB9 /* Source.swift */; };
		942EBCB82A12369000679CB9 /* CategoryCell.swift in Sources */ = {isa = PBXBuildFile; fileRef = 942EBCB72A12369000679CB9 /* CategoryCell.swift */; };
		943593F32A1500D0002CD2EF /* CategoriesManager.swift in Sources */ = {isa = PBXBuildFile; fileRef = 943593F22A1500D0002CD2EF /* CategoriesManager.swift */; };
		946C5E6F2A17E30100B3262C /* BookMarksManager.swift in Sources */ = {isa = PBXBuildFile; fileRef = 946C5E6E2A17E30100B3262C /* BookMarksManager.swift */; };
		94A2A1962A0A8A67001DCEC0 /* NewsManager.swift in Sources */ = {isa = PBXBuildFile; fileRef = 94A2A1952A0A8A67001DCEC0 /* NewsManager.swift */; };
		A21DF6412A0D80DF00FD1154 /* OnboardingPageModel.swift in Sources */ = {isa = PBXBuildFile; fileRef = A21DF6402A0D80DF00FD1154 /* OnboardingPageModel.swift */; };
		A21DF6432A0D820B00FD1154 /* OnboardingViewController.swift in Sources */ = {isa = PBXBuildFile; fileRef = A21DF6422A0D820B00FD1154 /* OnboardingViewController.swift */; };
		A282D0E72A18FEC200DC354F /* SnapKit in Frameworks */ = {isa = PBXBuildFile; productRef = A282D0E62A18FEC200DC354F /* SnapKit */; };
		A282D0EB2A18FF7F00DC354F /* AuthHeaderView.swift in Sources */ = {isa = PBXBuildFile; fileRef = A282D0EA2A18FF7F00DC354F /* AuthHeaderView.swift */; };
		A2C47B782A11251900BFD2DA /* Colors.swift in Sources */ = {isa = PBXBuildFile; fileRef = A2C47B772A11251900BFD2DA /* Colors.swift */; };
		A50E3CCD2A0CD10E001B19C6 /* Localizable.strings in Resources */ = {isa = PBXBuildFile; fileRef = A50E3CCF2A0CD10E001B19C6 /* Localizable.strings */; };
		A5DF44352A08193F00491528 /* AppDelegate.swift in Sources */ = {isa = PBXBuildFile; fileRef = A5DF44342A08193F00491528 /* AppDelegate.swift */; };
		A5DF44372A08193F00491528 /* SceneDelegate.swift in Sources */ = {isa = PBXBuildFile; fileRef = A5DF44362A08193F00491528 /* SceneDelegate.swift */; };
		A5DF44392A08193F00491528 /* ViewController.swift in Sources */ = {isa = PBXBuildFile; fileRef = A5DF44382A08193F00491528 /* ViewController.swift */; };
		A5DF443E2A08194000491528 /* Assets.xcassets in Resources */ = {isa = PBXBuildFile; fileRef = A5DF443D2A08194000491528 /* Assets.xcassets */; };
		A5DF44412A08194000491528 /* LaunchScreen.storyboard in Resources */ = {isa = PBXBuildFile; fileRef = A5DF443F2A08194000491528 /* LaunchScreen.storyboard */; };
		A5E10DEB2A0E2229000346C1 /* Inter-Regular.ttf in Resources */ = {isa = PBXBuildFile; fileRef = A5E10DE22A0E2229000346C1 /* Inter-Regular.ttf */; };
		A5E10DEC2A0E2229000346C1 /* Inter-Light.ttf in Resources */ = {isa = PBXBuildFile; fileRef = A5E10DE32A0E2229000346C1 /* Inter-Light.ttf */; };
		A5E10DED2A0E2229000346C1 /* Inter-Thin.ttf in Resources */ = {isa = PBXBuildFile; fileRef = A5E10DE42A0E2229000346C1 /* Inter-Thin.ttf */; };
		A5E10DEE2A0E2229000346C1 /* Inter-Medium.ttf in Resources */ = {isa = PBXBuildFile; fileRef = A5E10DE52A0E2229000346C1 /* Inter-Medium.ttf */; };
		A5E10DEF2A0E2229000346C1 /* Inter-ExtraBold.ttf in Resources */ = {isa = PBXBuildFile; fileRef = A5E10DE62A0E2229000346C1 /* Inter-ExtraBold.ttf */; };
		A5E10DF02A0E2229000346C1 /* Inter-Bold.ttf in Resources */ = {isa = PBXBuildFile; fileRef = A5E10DE72A0E2229000346C1 /* Inter-Bold.ttf */; };
		A5E10DF12A0E2229000346C1 /* Inter-ExtraLight.ttf in Resources */ = {isa = PBXBuildFile; fileRef = A5E10DE82A0E2229000346C1 /* Inter-ExtraLight.ttf */; };
		A5E10DF22A0E2229000346C1 /* Inter-Black.ttf in Resources */ = {isa = PBXBuildFile; fileRef = A5E10DE92A0E2229000346C1 /* Inter-Black.ttf */; };
		A5E10DF32A0E2229000346C1 /* Inter-SemiBold.ttf in Resources */ = {isa = PBXBuildFile; fileRef = A5E10DEA2A0E2229000346C1 /* Inter-SemiBold.ttf */; };
		A5FAADF62A0AD0DA00499B78 /* CustomView.swift in Sources */ = {isa = PBXBuildFile; fileRef = A5FAADF52A0AD0DA00499B78 /* CustomView.swift */; };
		A5FAADF82A0AD0E800499B78 /* CustomViewController.swift in Sources */ = {isa = PBXBuildFile; fileRef = A5FAADF72A0AD0E800499B78 /* CustomViewController.swift */; };
		A5FAADFC2A0AD21500499B78 /* CustomTabBar.swift in Sources */ = {isa = PBXBuildFile; fileRef = A5FAADFB2A0AD21500499B78 /* CustomTabBar.swift */; };
		A5FAADFF2A0ADEFC00499B78 /* HomeView.swift in Sources */ = {isa = PBXBuildFile; fileRef = A5FAADFE2A0ADEFC00499B78 /* HomeView.swift */; };
		A5FAAE032A0ADF4100499B78 /* BookmarksView.swift in Sources */ = {isa = PBXBuildFile; fileRef = A5FAAE022A0ADF4100499B78 /* BookmarksView.swift */; };
		A5FAAE052A0ADF5300499B78 /* ProfileView.swift in Sources */ = {isa = PBXBuildFile; fileRef = A5FAAE042A0ADF5300499B78 /* ProfileView.swift */; };
		A5FAAE072A0ADF6F00499B78 /* HomeViewController.swift in Sources */ = {isa = PBXBuildFile; fileRef = A5FAAE062A0ADF6F00499B78 /* HomeViewController.swift */; };
		A5FAAE092A0ADF8200499B78 /* CategoriesViewController.swift in Sources */ = {isa = PBXBuildFile; fileRef = A5FAAE082A0ADF8200499B78 /* CategoriesViewController.swift */; };
		A5FAAE0B2A0ADF9300499B78 /* BookmarksViewController.swift in Sources */ = {isa = PBXBuildFile; fileRef = A5FAAE0A2A0ADF9300499B78 /* BookmarksViewController.swift */; };
		A5FAAE262A0EBB1C00499B78 /* CategoriesCollectionViewCell.swift in Sources */ = {isa = PBXBuildFile; fileRef = A5FAAE212A0EBB1C00499B78 /* CategoriesCollectionViewCell.swift */; };
		A5FAAE272A0EBB1C00499B78 /* HeaderSupplemetaryView.swift in Sources */ = {isa = PBXBuildFile; fileRef = A5FAAE222A0EBB1C00499B78 /* HeaderSupplemetaryView.swift */; };
		A5FAAE282A0EBB1C00499B78 /* RecomendedNewsCollectionViewCell.swift in Sources */ = {isa = PBXBuildFile; fileRef = A5FAAE232A0EBB1C00499B78 /* RecomendedNewsCollectionViewCell.swift */; };
		A5FAAE292A0EBB1C00499B78 /* TextFieldCollectionViewCell.swift in Sources */ = {isa = PBXBuildFile; fileRef = A5FAAE242A0EBB1C00499B78 /* TextFieldCollectionViewCell.swift */; };
		A5FAAE2A2A0EBB1C00499B78 /* LatestNewsCollectionViewCell.swift in Sources */ = {isa = PBXBuildFile; fileRef = A5FAAE252A0EBB1C00499B78 /* LatestNewsCollectionViewCell.swift */; };
		A5FAAE2F2A0EBBB800499B78 /* MockData.swift in Sources */ = {isa = PBXBuildFile; fileRef = A5FAAE2E2A0EBBB800499B78 /* MockData.swift */; };
		A5FAAE322A0EBBC500499B78 /* ListItem.swift in Sources */ = {isa = PBXBuildFile; fileRef = A5FAAE302A0EBBC500499B78 /* ListItem.swift */; };
		A5FAAE332A0EBBC500499B78 /* ListSection.swift in Sources */ = {isa = PBXBuildFile; fileRef = A5FAAE312A0EBBC500499B78 /* ListSection.swift */; };
		CA4A50E12A1915EC00D5B2F1 /* ProfileViewController.swift in Sources */ = {isa = PBXBuildFile; fileRef = CA4A50E02A1915EC00D5B2F1 /* ProfileViewController.swift */; };
		CA4A50E62A19165A00D5B2F1 /* TermsConditionsViewController.swift in Sources */ = {isa = PBXBuildFile; fileRef = CA4A50E52A19165A00D5B2F1 /* TermsConditionsViewController.swift */; };
		CA4A50E82A19167B00D5B2F1 /* LanguageViewController.swift in Sources */ = {isa = PBXBuildFile; fileRef = CA4A50E72A19167B00D5B2F1 /* LanguageViewController.swift */; };
/* End PBXBuildFile section */

/* Begin PBXFileReference section */
		0D037C562A0AA191002F7EE3 /* NewsViewConroller.swift */ = {isa = PBXFileReference; lastKnownFileType = sourcecode.swift; path = NewsViewConroller.swift; sourceTree = "<group>"; };
		0D037C642A0BED28002F7EE3 /* Extensions.swift */ = {isa = PBXFileReference; lastKnownFileType = sourcecode.swift; path = Extensions.swift; sourceTree = "<group>"; };
		0D037C7F2A0C0A3F002F7EE3 /* Fonts.swift */ = {isa = PBXFileReference; lastKnownFileType = sourcecode.swift; path = Fonts.swift; sourceTree = "<group>"; };
		0D037C812A0D8C1F002F7EE3 /* BookmarksTableViewCell.swift */ = {isa = PBXFileReference; lastKnownFileType = sourcecode.swift; path = BookmarksTableViewCell.swift; sourceTree = "<group>"; };
		0D037C832A0ED75D002F7EE3 /* TestForBookmarks.swift */ = {isa = PBXFileReference; lastKnownFileType = sourcecode.swift; path = TestForBookmarks.swift; sourceTree = "<group>"; };
		73D70D122A14058F009A83DC /* Model.swift */ = {isa = PBXFileReference; lastKnownFileType = sourcecode.swift; path = Model.swift; sourceTree = "<group>"; };
		942EBCB32A12366800679CB9 /* Header.swift */ = {isa = PBXFileReference; lastKnownFileType = sourcecode.swift; path = Header.swift; sourceTree = "<group>"; };
		942EBCB52A12367A00679CB9 /* Source.swift */ = {isa = PBXFileReference; lastKnownFileType = sourcecode.swift; path = Source.swift; sourceTree = "<group>"; };
		942EBCB72A12369000679CB9 /* CategoryCell.swift */ = {isa = PBXFileReference; lastKnownFileType = sourcecode.swift; path = CategoryCell.swift; sourceTree = "<group>"; };
		943593F22A1500D0002CD2EF /* CategoriesManager.swift */ = {isa = PBXFileReference; lastKnownFileType = sourcecode.swift; path = CategoriesManager.swift; sourceTree = "<group>"; };
		946C5E6E2A17E30100B3262C /* BookMarksManager.swift */ = {isa = PBXFileReference; lastKnownFileType = sourcecode.swift; path = BookMarksManager.swift; sourceTree = "<group>"; };
		94A2A1952A0A8A67001DCEC0 /* NewsManager.swift */ = {isa = PBXFileReference; lastKnownFileType = sourcecode.swift; path = NewsManager.swift; sourceTree = "<group>"; };
		A21DF6402A0D80DF00FD1154 /* OnboardingPageModel.swift */ = {isa = PBXFileReference; lastKnownFileType = sourcecode.swift; path = OnboardingPageModel.swift; sourceTree = "<group>"; };
		A21DF6422A0D820B00FD1154 /* OnboardingViewController.swift */ = {isa = PBXFileReference; lastKnownFileType = sourcecode.swift; path = OnboardingViewController.swift; sourceTree = "<group>"; };
		A282D0EA2A18FF7F00DC354F /* AuthHeaderView.swift */ = {isa = PBXFileReference; lastKnownFileType = sourcecode.swift; path = AuthHeaderView.swift; sourceTree = "<group>"; };
		A2C47B772A11251900BFD2DA /* Colors.swift */ = {isa = PBXFileReference; lastKnownFileType = sourcecode.swift; path = Colors.swift; sourceTree = "<group>"; };
		A50E3CCE2A0CD10E001B19C6 /* en */ = {isa = PBXFileReference; lastKnownFileType = text.plist.strings; name = en; path = en.lproj/Localizable.strings; sourceTree = "<group>"; };
		A50E3CD02A0CD155001B19C6 /* ru */ = {isa = PBXFileReference; lastKnownFileType = text.plist.strings; name = ru; path = ru.lproj/Localizable.strings; sourceTree = "<group>"; };
		A5DF44312A08193F00491528 /* NewsToDay.app */ = {isa = PBXFileReference; explicitFileType = wrapper.application; includeInIndex = 0; path = NewsToDay.app; sourceTree = BUILT_PRODUCTS_DIR; };
		A5DF44342A08193F00491528 /* AppDelegate.swift */ = {isa = PBXFileReference; lastKnownFileType = sourcecode.swift; path = AppDelegate.swift; sourceTree = "<group>"; };
		A5DF44362A08193F00491528 /* SceneDelegate.swift */ = {isa = PBXFileReference; lastKnownFileType = sourcecode.swift; path = SceneDelegate.swift; sourceTree = "<group>"; };
		A5DF44382A08193F00491528 /* ViewController.swift */ = {isa = PBXFileReference; lastKnownFileType = sourcecode.swift; path = ViewController.swift; sourceTree = "<group>"; };
		A5DF443D2A08194000491528 /* Assets.xcassets */ = {isa = PBXFileReference; lastKnownFileType = folder.assetcatalog; path = Assets.xcassets; sourceTree = "<group>"; };
		A5DF44402A08194000491528 /* Base */ = {isa = PBXFileReference; lastKnownFileType = file.storyboard; name = Base; path = Base.lproj/LaunchScreen.storyboard; sourceTree = "<group>"; };
		A5DF44422A08194000491528 /* Info.plist */ = {isa = PBXFileReference; lastKnownFileType = text.plist.xml; path = Info.plist; sourceTree = "<group>"; };
		A5E10DE22A0E2229000346C1 /* Inter-Regular.ttf */ = {isa = PBXFileReference; lastKnownFileType = file; path = "Inter-Regular.ttf"; sourceTree = "<group>"; };
		A5E10DE32A0E2229000346C1 /* Inter-Light.ttf */ = {isa = PBXFileReference; lastKnownFileType = file; path = "Inter-Light.ttf"; sourceTree = "<group>"; };
		A5E10DE42A0E2229000346C1 /* Inter-Thin.ttf */ = {isa = PBXFileReference; lastKnownFileType = file; path = "Inter-Thin.ttf"; sourceTree = "<group>"; };
		A5E10DE52A0E2229000346C1 /* Inter-Medium.ttf */ = {isa = PBXFileReference; lastKnownFileType = file; path = "Inter-Medium.ttf"; sourceTree = "<group>"; };
		A5E10DE62A0E2229000346C1 /* Inter-ExtraBold.ttf */ = {isa = PBXFileReference; lastKnownFileType = file; path = "Inter-ExtraBold.ttf"; sourceTree = "<group>"; };
		A5E10DE72A0E2229000346C1 /* Inter-Bold.ttf */ = {isa = PBXFileReference; lastKnownFileType = file; path = "Inter-Bold.ttf"; sourceTree = "<group>"; };
		A5E10DE82A0E2229000346C1 /* Inter-ExtraLight.ttf */ = {isa = PBXFileReference; lastKnownFileType = file; path = "Inter-ExtraLight.ttf"; sourceTree = "<group>"; };
		A5E10DE92A0E2229000346C1 /* Inter-Black.ttf */ = {isa = PBXFileReference; lastKnownFileType = file; path = "Inter-Black.ttf"; sourceTree = "<group>"; };
		A5E10DEA2A0E2229000346C1 /* Inter-SemiBold.ttf */ = {isa = PBXFileReference; lastKnownFileType = file; path = "Inter-SemiBold.ttf"; sourceTree = "<group>"; };
		A5FAADF52A0AD0DA00499B78 /* CustomView.swift */ = {isa = PBXFileReference; lastKnownFileType = sourcecode.swift; path = CustomView.swift; sourceTree = "<group>"; };
		A5FAADF72A0AD0E800499B78 /* CustomViewController.swift */ = {isa = PBXFileReference; lastKnownFileType = sourcecode.swift; path = CustomViewController.swift; sourceTree = "<group>"; };
		A5FAADFB2A0AD21500499B78 /* CustomTabBar.swift */ = {isa = PBXFileReference; lastKnownFileType = sourcecode.swift; path = CustomTabBar.swift; sourceTree = "<group>"; };
		A5FAADFE2A0ADEFC00499B78 /* HomeView.swift */ = {isa = PBXFileReference; lastKnownFileType = sourcecode.swift; path = HomeView.swift; sourceTree = "<group>"; };
		A5FAAE022A0ADF4100499B78 /* BookmarksView.swift */ = {isa = PBXFileReference; lastKnownFileType = sourcecode.swift; path = BookmarksView.swift; sourceTree = "<group>"; };
		A5FAAE042A0ADF5300499B78 /* ProfileView.swift */ = {isa = PBXFileReference; lastKnownFileType = sourcecode.swift; path = ProfileView.swift; sourceTree = "<group>"; };
		A5FAAE062A0ADF6F00499B78 /* HomeViewController.swift */ = {isa = PBXFileReference; lastKnownFileType = sourcecode.swift; path = HomeViewController.swift; sourceTree = "<group>"; };
		A5FAAE082A0ADF8200499B78 /* CategoriesViewController.swift */ = {isa = PBXFileReference; lastKnownFileType = sourcecode.swift; path = CategoriesViewController.swift; sourceTree = "<group>"; };
		A5FAAE0A2A0ADF9300499B78 /* BookmarksViewController.swift */ = {isa = PBXFileReference; lastKnownFileType = sourcecode.swift; path = BookmarksViewController.swift; sourceTree = "<group>"; };
		A5FAAE212A0EBB1C00499B78 /* CategoriesCollectionViewCell.swift */ = {isa = PBXFileReference; fileEncoding = 4; lastKnownFileType = sourcecode.swift; path = CategoriesCollectionViewCell.swift; sourceTree = "<group>"; };
		A5FAAE222A0EBB1C00499B78 /* HeaderSupplemetaryView.swift */ = {isa = PBXFileReference; fileEncoding = 4; lastKnownFileType = sourcecode.swift; path = HeaderSupplemetaryView.swift; sourceTree = "<group>"; };
		A5FAAE232A0EBB1C00499B78 /* RecomendedNewsCollectionViewCell.swift */ = {isa = PBXFileReference; fileEncoding = 4; lastKnownFileType = sourcecode.swift; path = RecomendedNewsCollectionViewCell.swift; sourceTree = "<group>"; };
		A5FAAE242A0EBB1C00499B78 /* TextFieldCollectionViewCell.swift */ = {isa = PBXFileReference; fileEncoding = 4; lastKnownFileType = sourcecode.swift; path = TextFieldCollectionViewCell.swift; sourceTree = "<group>"; };
		A5FAAE252A0EBB1C00499B78 /* LatestNewsCollectionViewCell.swift */ = {isa = PBXFileReference; fileEncoding = 4; lastKnownFileType = sourcecode.swift; path = LatestNewsCollectionViewCell.swift; sourceTree = "<group>"; };
		A5FAAE2E2A0EBBB800499B78 /* MockData.swift */ = {isa = PBXFileReference; fileEncoding = 4; lastKnownFileType = sourcecode.swift; path = MockData.swift; sourceTree = "<group>"; };
		A5FAAE302A0EBBC500499B78 /* ListItem.swift */ = {isa = PBXFileReference; fileEncoding = 4; lastKnownFileType = sourcecode.swift; path = ListItem.swift; sourceTree = "<group>"; };
		A5FAAE312A0EBBC500499B78 /* ListSection.swift */ = {isa = PBXFileReference; fileEncoding = 4; lastKnownFileType = sourcecode.swift; path = ListSection.swift; sourceTree = "<group>"; };
		CA4A50E02A1915EC00D5B2F1 /* ProfileViewController.swift */ = {isa = PBXFileReference; fileEncoding = 4; lastKnownFileType = sourcecode.swift; path = ProfileViewController.swift; sourceTree = "<group>"; };
		CA4A50E52A19165A00D5B2F1 /* TermsConditionsViewController.swift */ = {isa = PBXFileReference; fileEncoding = 4; lastKnownFileType = sourcecode.swift; path = TermsConditionsViewController.swift; sourceTree = "<group>"; };
		CA4A50E72A19167B00D5B2F1 /* LanguageViewController.swift */ = {isa = PBXFileReference; fileEncoding = 4; lastKnownFileType = sourcecode.swift; path = LanguageViewController.swift; sourceTree = "<group>"; };
/* End PBXFileReference section */

/* Begin PBXFrameworksBuildPhase section */
		A5DF442E2A08193F00491528 /* Frameworks */ = {
			isa = PBXFrameworksBuildPhase;
			buildActionMask = 2147483647;
			files = (
				73DBA1592A1515BA003FB173 /* Kingfisher in Frameworks */,
				A282D0E72A18FEC200DC354F /* SnapKit in Frameworks */,
			);
			runOnlyForDeploymentPostprocessing = 0;
		};
/* End PBXFrameworksBuildPhase section */

/* Begin PBXGroup section */
		0D037C5D2A0BD456002F7EE3 /* Font */ = {
			isa = PBXGroup;
			children = (
				A5E10DE92A0E2229000346C1 /* Inter-Black.ttf */,
				A5E10DE72A0E2229000346C1 /* Inter-Bold.ttf */,
				A5E10DE62A0E2229000346C1 /* Inter-ExtraBold.ttf */,
				A5E10DE82A0E2229000346C1 /* Inter-ExtraLight.ttf */,
				A5E10DE32A0E2229000346C1 /* Inter-Light.ttf */,
				A5E10DE52A0E2229000346C1 /* Inter-Medium.ttf */,
				A5E10DE22A0E2229000346C1 /* Inter-Regular.ttf */,
				A5E10DEA2A0E2229000346C1 /* Inter-SemiBold.ttf */,
				A5E10DE42A0E2229000346C1 /* Inter-Thin.ttf */,
			);
			path = Font;
			sourceTree = "<group>";
		};
		0D037C662A0BED33002F7EE3 /* Extensions */ = {
			isa = PBXGroup;
			children = (
				0D037C642A0BED28002F7EE3 /* Extensions.swift */,
				0D037C7F2A0C0A3F002F7EE3 /* Fonts.swift */,
				A2C47B772A11251900BFD2DA /* Colors.swift */,
			);
			path = Extensions;
			sourceTree = "<group>";
		};
		94A2A1972A0A8A79001DCEC0 /* Model */ = {
			isa = PBXGroup;
			children = (
				73D70D122A14058F009A83DC /* Model.swift */,
				94A2A1952A0A8A67001DCEC0 /* NewsManager.swift */,
				0D037C832A0ED75D002F7EE3 /* TestForBookmarks.swift */,
				943593F22A1500D0002CD2EF /* CategoriesManager.swift */,
				946C5E6E2A17E30100B3262C /* BookMarksManager.swift */,
			);
			path = Model;
			sourceTree = "<group>";
		};
		94A2A1982A0A8A80001DCEC0 /* Controller */ = {
			isa = PBXGroup;
			children = (
				CA4A50E42A19161300D5B2F1 /* TermsConditionsController */,
				CA4A50E32A19160700D5B2F1 /* LanguageController */,
				A5DF44382A08193F00491528 /* ViewController.swift */,
				A5FAAE122A0AE0E500499B78 /* CategoriesController */,
				0D037C562A0AA191002F7EE3 /* NewsViewConroller.swift */,
				A5FAAE0F2A0AE0B500499B78 /* HomeController */,
				A5FAAE152A0AE10B00499B78 /* BookmarksController */,
				A5FAAE182A0AE1F000499B78 /* ProfileController */,
				A21DF6442A0D835200FD1154 /* OnboardingController */,
				A282D0E92A18FF3F00DC354F /* Firebase */,
			);
			path = Controller;
			sourceTree = "<group>";
		};
		A21DF6442A0D835200FD1154 /* OnboardingController */ = {
			isa = PBXGroup;
			children = (
				A21DF6402A0D80DF00FD1154 /* OnboardingPageModel.swift */,
				A21DF6422A0D820B00FD1154 /* OnboardingViewController.swift */,
			);
			path = OnboardingController;
			sourceTree = "<group>";
		};
		A282D0E82A18FF3100DC354F /* Views */ = {
			isa = PBXGroup;
			children = (
				A282D0EA2A18FF7F00DC354F /* AuthHeaderView.swift */,
			);
			path = Views;
			sourceTree = "<group>";
		};
		A282D0E92A18FF3F00DC354F /* Firebase */ = {
			isa = PBXGroup;
			children = (
				A282D0E82A18FF3100DC354F /* Views */,
			);
			path = Firebase;
			sourceTree = "<group>";
		};
		A5A5290F2A0ED0B00006C03D /* Apps */ = {
			isa = PBXGroup;
			children = (
				A5DF44362A08193F00491528 /* SceneDelegate.swift */,
				A5DF44342A08193F00491528 /* AppDelegate.swift */,
			);
			path = Apps;
			sourceTree = "<group>";
		};
		A5DF44282A08193F00491528 = {
			isa = PBXGroup;
			children = (
				A5DF44332A08193F00491528 /* NewsToDay */,
				A5DF44322A08193F00491528 /* Products */,
			);
			sourceTree = "<group>";
		};
		A5DF44322A08193F00491528 /* Products */ = {
			isa = PBXGroup;
			children = (
				A5DF44312A08193F00491528 /* NewsToDay.app */,
			);
			name = Products;
			sourceTree = "<group>";
		};
		A5DF44332A08193F00491528 /* NewsToDay */ = {
			isa = PBXGroup;
			children = (
				A5A5290F2A0ED0B00006C03D /* Apps */,
				A5FAAE2B2A0EBB9300499B78 /* Helpers */,
				A5FAADF42A0AD0C200499B78 /* Services */,
				94A2A1972A0A8A79001DCEC0 /* Model */,
				94A2A1982A0A8A80001DCEC0 /* Controller */,
				0D037C662A0BED33002F7EE3 /* Extensions */,
				A5DF443D2A08194000491528 /* Assets.xcassets */,
				A5DF443F2A08194000491528 /* LaunchScreen.storyboard */,
				A5DF44422A08194000491528 /* Info.plist */,
				0D037C5D2A0BD456002F7EE3 /* Font */,
			);
			path = NewsToDay;
			sourceTree = "<group>";
		};
		A5FAADF42A0AD0C200499B78 /* Services */ = {
			isa = PBXGroup;
			children = (
				A5FAADF52A0AD0DA00499B78 /* CustomView.swift */,
				A5FAADF72A0AD0E800499B78 /* CustomViewController.swift */,
				A5FAADFB2A0AD21500499B78 /* CustomTabBar.swift */,
				A50E3CCF2A0CD10E001B19C6 /* Localizable.strings */,
			);
			path = Services;
			sourceTree = "<group>";
		};
		A5FAAE0F2A0AE0B500499B78 /* HomeController */ = {
			isa = PBXGroup;
			children = (
				A5FAAE302A0EBBC500499B78 /* ListItem.swift */,
				A5FAAE312A0EBBC500499B78 /* ListSection.swift */,
				A5FAAE2E2A0EBBB800499B78 /* MockData.swift */,
				A5FAAE112A0AE0D400499B78 /* View */,
				A5FAAE102A0AE0CC00499B78 /* Controller */,
			);
			path = HomeController;
			sourceTree = "<group>";
		};
		A5FAAE102A0AE0CC00499B78 /* Controller */ = {
			isa = PBXGroup;
			children = (
				A5FAAE062A0ADF6F00499B78 /* HomeViewController.swift */,
			);
			path = Controller;
			sourceTree = "<group>";
		};
		A5FAAE112A0AE0D400499B78 /* View */ = {
			isa = PBXGroup;
			children = (
				A5FAADFE2A0ADEFC00499B78 /* HomeView.swift */,
				A5FAAE202A0EBB1C00499B78 /* Cells */,
			);
			path = View;
			sourceTree = "<group>";
		};
		A5FAAE122A0AE0E500499B78 /* CategoriesController */ = {
			isa = PBXGroup;
			children = (
				A5FAAE082A0ADF8200499B78 /* CategoriesViewController.swift */,
				942EBCB52A12367A00679CB9 /* Source.swift */,
				942EBCB32A12366800679CB9 /* Header.swift */,
				942EBCB72A12369000679CB9 /* CategoryCell.swift */,
			);
			path = CategoriesController;
			sourceTree = "<group>";
		};
		A5FAAE152A0AE10B00499B78 /* BookmarksController */ = {
			isa = PBXGroup;
			children = (
				A5FAAE172A0AE12400499B78 /* View */,
				A5FAAE162A0AE11D00499B78 /* Controller */,
			);
			path = BookmarksController;
			sourceTree = "<group>";
		};
		A5FAAE162A0AE11D00499B78 /* Controller */ = {
			isa = PBXGroup;
			children = (
				A5FAAE0A2A0ADF9300499B78 /* BookmarksViewController.swift */,
			);
			path = Controller;
			sourceTree = "<group>";
		};
		A5FAAE172A0AE12400499B78 /* View */ = {
			isa = PBXGroup;
			children = (
				A5FAAE022A0ADF4100499B78 /* BookmarksView.swift */,
				0D037C812A0D8C1F002F7EE3 /* BookmarksTableViewCell.swift */,
			);
			path = View;
			sourceTree = "<group>";
		};
		A5FAAE182A0AE1F000499B78 /* ProfileController */ = {
			isa = PBXGroup;
			children = (
				A5FAAE1A2A0AE20800499B78 /* View */,
				A5FAAE192A0AE20000499B78 /* Controller */,
			);
			path = ProfileController;
			sourceTree = "<group>";
		};
		A5FAAE192A0AE20000499B78 /* Controller */ = {
			isa = PBXGroup;
			children = (
				CA4A50E02A1915EC00D5B2F1 /* ProfileViewController.swift */,
			);
			path = Controller;
			sourceTree = "<group>";
		};
		A5FAAE1A2A0AE20800499B78 /* View */ = {
			isa = PBXGroup;
			children = (
				A5FAAE042A0ADF5300499B78 /* ProfileView.swift */,
			);
			path = View;
			sourceTree = "<group>";
		};
		A5FAAE202A0EBB1C00499B78 /* Cells */ = {
			isa = PBXGroup;
			children = (
				A5FAAE242A0EBB1C00499B78 /* TextFieldCollectionViewCell.swift */,
				A5FAAE212A0EBB1C00499B78 /* CategoriesCollectionViewCell.swift */,
				A5FAAE252A0EBB1C00499B78 /* LatestNewsCollectionViewCell.swift */,
				A5FAAE222A0EBB1C00499B78 /* HeaderSupplemetaryView.swift */,
				A5FAAE232A0EBB1C00499B78 /* RecomendedNewsCollectionViewCell.swift */,
			);
			path = Cells;
			sourceTree = "<group>";
		};
		A5FAAE2B2A0EBB9300499B78 /* Helpers */ = {
			isa = PBXGroup;
			children = (
			);
			path = Helpers;
			sourceTree = "<group>";
		};
		CA4A50E32A19160700D5B2F1 /* LanguageController */ = {
			isa = PBXGroup;
			children = (
				CA4A50E72A19167B00D5B2F1 /* LanguageViewController.swift */,
			);
			name = LanguageController;
			sourceTree = "<group>";
		};
		CA4A50E42A19161300D5B2F1 /* TermsConditionsController */ = {
			isa = PBXGroup;
			children = (
				CA4A50E52A19165A00D5B2F1 /* TermsConditionsViewController.swift */,
			);
			path = TermsConditionsController;
			sourceTree = "<group>";
		};
/* End PBXGroup section */

/* Begin PBXNativeTarget section */
		A5DF44302A08193F00491528 /* NewsToDay */ = {
			isa = PBXNativeTarget;
			buildConfigurationList = A5DF44452A08194000491528 /* Build configuration list for PBXNativeTarget "NewsToDay" */;
			buildPhases = (
				A5DF442D2A08193F00491528 /* Sources */,
				A5DF442E2A08193F00491528 /* Frameworks */,
				A5DF442F2A08193F00491528 /* Resources */,
			);
			buildRules = (
			);
			dependencies = (
			);
			name = NewsToDay;
			packageProductDependencies = (
				73DBA1582A1515BA003FB173 /* Kingfisher */,
				A282D0E62A18FEC200DC354F /* SnapKit */,
			);
			productName = NewsToDay;
			productReference = A5DF44312A08193F00491528 /* NewsToDay.app */;
			productType = "com.apple.product-type.application";
		};
/* End PBXNativeTarget section */

/* Begin PBXProject section */
		A5DF44292A08193F00491528 /* Project object */ = {
			isa = PBXProject;
			attributes = {
				BuildIndependentTargetsInParallel = 1;
				LastSwiftUpdateCheck = 1430;
				LastUpgradeCheck = 1430;
				TargetAttributes = {
					A5DF44302A08193F00491528 = {
						CreatedOnToolsVersion = 14.3;
					};
				};
			};
			buildConfigurationList = A5DF442C2A08193F00491528 /* Build configuration list for PBXProject "NewsToDay" */;
			compatibilityVersion = "Xcode 13.0";
			developmentRegion = en;
			hasScannedForEncodings = 0;
			knownRegions = (
				en,
				Base,
				ru,
			);
			mainGroup = A5DF44282A08193F00491528;
			packageReferences = (
				73DBA1572A1515BA003FB173 /* XCRemoteSwiftPackageReference "Kingfisher" */,
				A282D0E52A18FEC200DC354F /* XCRemoteSwiftPackageReference "SnapKit" */,
			);
			productRefGroup = A5DF44322A08193F00491528 /* Products */;
			projectDirPath = "";
			projectRoot = "";
			targets = (
				A5DF44302A08193F00491528 /* NewsToDay */,
			);
		};
/* End PBXProject section */

/* Begin PBXResourcesBuildPhase section */
		A5DF442F2A08193F00491528 /* Resources */ = {
			isa = PBXResourcesBuildPhase;
			buildActionMask = 2147483647;
			files = (
				A50E3CCD2A0CD10E001B19C6 /* Localizable.strings in Resources */,
				A5E10DEB2A0E2229000346C1 /* Inter-Regular.ttf in Resources */,
				A5E10DEF2A0E2229000346C1 /* Inter-ExtraBold.ttf in Resources */,
				A5E10DF32A0E2229000346C1 /* Inter-SemiBold.ttf in Resources */,
				A5DF44412A08194000491528 /* LaunchScreen.storyboard in Resources */,
				A5E10DEE2A0E2229000346C1 /* Inter-Medium.ttf in Resources */,
				A5E10DF02A0E2229000346C1 /* Inter-Bold.ttf in Resources */,
				A5E10DF22A0E2229000346C1 /* Inter-Black.ttf in Resources */,
				A5E10DEC2A0E2229000346C1 /* Inter-Light.ttf in Resources */,
				A5E10DF12A0E2229000346C1 /* Inter-ExtraLight.ttf in Resources */,
				A5DF443E2A08194000491528 /* Assets.xcassets in Resources */,
				A5E10DED2A0E2229000346C1 /* Inter-Thin.ttf in Resources */,
			);
			runOnlyForDeploymentPostprocessing = 0;
		};
/* End PBXResourcesBuildPhase section */

/* Begin PBXSourcesBuildPhase section */
		A5DF442D2A08193F00491528 /* Sources */ = {
			isa = PBXSourcesBuildPhase;
			buildActionMask = 2147483647;
			files = (
				73D70D132A14058F009A83DC /* Model.swift in Sources */,
				A5FAAE0B2A0ADF9300499B78 /* BookmarksViewController.swift in Sources */,
				CA4A50E62A19165A00D5B2F1 /* TermsConditionsViewController.swift in Sources */,
				A2C47B782A11251900BFD2DA /* Colors.swift in Sources */,
				0D037C652A0BED28002F7EE3 /* Extensions.swift in Sources */,
				A5FAADFF2A0ADEFC00499B78 /* HomeView.swift in Sources */,
				A5FAAE282A0EBB1C00499B78 /* RecomendedNewsCollectionViewCell.swift in Sources */,
				A5FAAE032A0ADF4100499B78 /* BookmarksView.swift in Sources */,
				A5FAAE2F2A0EBBB800499B78 /* MockData.swift in Sources */,
				A5FAAE272A0EBB1C00499B78 /* HeaderSupplemetaryView.swift in Sources */,
				A282D0EB2A18FF7F00DC354F /* AuthHeaderView.swift in Sources */,
				A21DF6432A0D820B00FD1154 /* OnboardingViewController.swift in Sources */,
				94A2A1962A0A8A67001DCEC0 /* NewsManager.swift in Sources */,
				943593F32A1500D0002CD2EF /* CategoriesManager.swift in Sources */,
				0D037C842A0ED75D002F7EE3 /* TestForBookmarks.swift in Sources */,
				A21DF6412A0D80DF00FD1154 /* OnboardingPageModel.swift in Sources */,
				946C5E6F2A17E30100B3262C /* BookMarksManager.swift in Sources */,
				A5FAAE322A0EBBC500499B78 /* ListItem.swift in Sources */,
				A5FAADF82A0AD0E800499B78 /* CustomViewController.swift in Sources */,
				A5FAAE262A0EBB1C00499B78 /* CategoriesCollectionViewCell.swift in Sources */,
				A5FAAE052A0ADF5300499B78 /* ProfileView.swift in Sources */,
				A5FAAE2A2A0EBB1C00499B78 /* LatestNewsCollectionViewCell.swift in Sources */,
				942EBCB42A12366800679CB9 /* Header.swift in Sources */,
				CA4A50E82A19167B00D5B2F1 /* LanguageViewController.swift in Sources */,
				A5FAAE292A0EBB1C00499B78 /* TextFieldCollectionViewCell.swift in Sources */,
				A5DF44392A08193F00491528 /* ViewController.swift in Sources */,
				0D037C822A0D8C1F002F7EE3 /* BookmarksTableViewCell.swift in Sources */,
				0D037C572A0AA191002F7EE3 /* NewsViewConroller.swift in Sources */,
				942EBCB82A12369000679CB9 /* CategoryCell.swift in Sources */,
				942EBCB62A12367A00679CB9 /* Source.swift in Sources */,
				A5FAADFC2A0AD21500499B78 /* CustomTabBar.swift in Sources */,
				A5FAADF62A0AD0DA00499B78 /* CustomView.swift in Sources */,
				A5DF44352A08193F00491528 /* AppDelegate.swift in Sources */,
				A5FAAE072A0ADF6F00499B78 /* HomeViewController.swift in Sources */,
				A5FAAE092A0ADF8200499B78 /* CategoriesViewController.swift in Sources */,
				0D037C802A0C0A3F002F7EE3 /* Fonts.swift in Sources */,
				CA4A50E12A1915EC00D5B2F1 /* ProfileViewController.swift in Sources */,
				A5DF44372A08193F00491528 /* SceneDelegate.swift in Sources */,
				A5FAAE332A0EBBC500499B78 /* ListSection.swift in Sources */,
			);
			runOnlyForDeploymentPostprocessing = 0;
		};
/* End PBXSourcesBuildPhase section */

/* Begin PBXVariantGroup section */
		A50E3CCF2A0CD10E001B19C6 /* Localizable.strings */ = {
			isa = PBXVariantGroup;
			children = (
				A50E3CCE2A0CD10E001B19C6 /* en */,
				A50E3CD02A0CD155001B19C6 /* ru */,
			);
			name = Localizable.strings;
			sourceTree = "<group>";
		};
		A5DF443F2A08194000491528 /* LaunchScreen.storyboard */ = {
			isa = PBXVariantGroup;
			children = (
				A5DF44402A08194000491528 /* Base */,
			);
			name = LaunchScreen.storyboard;
			sourceTree = "<group>";
		};
/* End PBXVariantGroup section */

/* Begin XCBuildConfiguration section */
		A5DF44432A08194000491528 /* Debug */ = {
			isa = XCBuildConfiguration;
			buildSettings = {
				ALWAYS_SEARCH_USER_PATHS = NO;
				CLANG_ANALYZER_LOCALIZABILITY_NONLOCALIZED = YES;
				CLANG_ANALYZER_NONNULL = YES;
				CLANG_ANALYZER_NUMBER_OBJECT_CONVERSION = YES_AGGRESSIVE;
				CLANG_CXX_LANGUAGE_STANDARD = "gnu++20";
				CLANG_ENABLE_MODULES = YES;
				CLANG_ENABLE_OBJC_ARC = YES;
				CLANG_ENABLE_OBJC_WEAK = YES;
				CLANG_WARN_BLOCK_CAPTURE_AUTORELEASING = YES;
				CLANG_WARN_BOOL_CONVERSION = YES;
				CLANG_WARN_COMMA = YES;
				CLANG_WARN_CONSTANT_CONVERSION = YES;
				CLANG_WARN_DEPRECATED_OBJC_IMPLEMENTATIONS = YES;
				CLANG_WARN_DIRECT_OBJC_ISA_USAGE = YES_ERROR;
				CLANG_WARN_DOCUMENTATION_COMMENTS = YES;
				CLANG_WARN_EMPTY_BODY = YES;
				CLANG_WARN_ENUM_CONVERSION = YES;
				CLANG_WARN_INFINITE_RECURSION = YES;
				CLANG_WARN_INT_CONVERSION = YES;
				CLANG_WARN_NON_LITERAL_NULL_CONVERSION = YES;
				CLANG_WARN_OBJC_IMPLICIT_RETAIN_SELF = YES;
				CLANG_WARN_OBJC_LITERAL_CONVERSION = YES;
				CLANG_WARN_OBJC_ROOT_CLASS = YES_ERROR;
				CLANG_WARN_QUOTED_INCLUDE_IN_FRAMEWORK_HEADER = YES;
				CLANG_WARN_RANGE_LOOP_ANALYSIS = YES;
				CLANG_WARN_STRICT_PROTOTYPES = YES;
				CLANG_WARN_SUSPICIOUS_MOVE = YES;
				CLANG_WARN_UNGUARDED_AVAILABILITY = YES_AGGRESSIVE;
				CLANG_WARN_UNREACHABLE_CODE = YES;
				CLANG_WARN__DUPLICATE_METHOD_MATCH = YES;
				COPY_PHASE_STRIP = NO;
				DEBUG_INFORMATION_FORMAT = dwarf;
				ENABLE_STRICT_OBJC_MSGSEND = YES;
				ENABLE_TESTABILITY = YES;
				GCC_C_LANGUAGE_STANDARD = gnu11;
				GCC_DYNAMIC_NO_PIC = NO;
				GCC_NO_COMMON_BLOCKS = YES;
				GCC_OPTIMIZATION_LEVEL = 0;
				GCC_PREPROCESSOR_DEFINITIONS = (
					"DEBUG=1",
					"$(inherited)",
				);
				GCC_WARN_64_TO_32_BIT_CONVERSION = YES;
				GCC_WARN_ABOUT_RETURN_TYPE = YES_ERROR;
				GCC_WARN_UNDECLARED_SELECTOR = YES;
				GCC_WARN_UNINITIALIZED_AUTOS = YES_AGGRESSIVE;
				GCC_WARN_UNUSED_FUNCTION = YES;
				GCC_WARN_UNUSED_VARIABLE = YES;
				IPHONEOS_DEPLOYMENT_TARGET = 16.4;
				MTL_ENABLE_DEBUG_INFO = INCLUDE_SOURCE;
				MTL_FAST_MATH = YES;
				ONLY_ACTIVE_ARCH = YES;
				SDKROOT = iphoneos;
				SWIFT_ACTIVE_COMPILATION_CONDITIONS = DEBUG;
				SWIFT_OPTIMIZATION_LEVEL = "-Onone";
			};
			name = Debug;
		};
		A5DF44442A08194000491528 /* Release */ = {
			isa = XCBuildConfiguration;
			buildSettings = {
				ALWAYS_SEARCH_USER_PATHS = NO;
				CLANG_ANALYZER_LOCALIZABILITY_NONLOCALIZED = YES;
				CLANG_ANALYZER_NONNULL = YES;
				CLANG_ANALYZER_NUMBER_OBJECT_CONVERSION = YES_AGGRESSIVE;
				CLANG_CXX_LANGUAGE_STANDARD = "gnu++20";
				CLANG_ENABLE_MODULES = YES;
				CLANG_ENABLE_OBJC_ARC = YES;
				CLANG_ENABLE_OBJC_WEAK = YES;
				CLANG_WARN_BLOCK_CAPTURE_AUTORELEASING = YES;
				CLANG_WARN_BOOL_CONVERSION = YES;
				CLANG_WARN_COMMA = YES;
				CLANG_WARN_CONSTANT_CONVERSION = YES;
				CLANG_WARN_DEPRECATED_OBJC_IMPLEMENTATIONS = YES;
				CLANG_WARN_DIRECT_OBJC_ISA_USAGE = YES_ERROR;
				CLANG_WARN_DOCUMENTATION_COMMENTS = YES;
				CLANG_WARN_EMPTY_BODY = YES;
				CLANG_WARN_ENUM_CONVERSION = YES;
				CLANG_WARN_INFINITE_RECURSION = YES;
				CLANG_WARN_INT_CONVERSION = YES;
				CLANG_WARN_NON_LITERAL_NULL_CONVERSION = YES;
				CLANG_WARN_OBJC_IMPLICIT_RETAIN_SELF = YES;
				CLANG_WARN_OBJC_LITERAL_CONVERSION = YES;
				CLANG_WARN_OBJC_ROOT_CLASS = YES_ERROR;
				CLANG_WARN_QUOTED_INCLUDE_IN_FRAMEWORK_HEADER = YES;
				CLANG_WARN_RANGE_LOOP_ANALYSIS = YES;
				CLANG_WARN_STRICT_PROTOTYPES = YES;
				CLANG_WARN_SUSPICIOUS_MOVE = YES;
				CLANG_WARN_UNGUARDED_AVAILABILITY = YES_AGGRESSIVE;
				CLANG_WARN_UNREACHABLE_CODE = YES;
				CLANG_WARN__DUPLICATE_METHOD_MATCH = YES;
				COPY_PHASE_STRIP = NO;
				DEBUG_INFORMATION_FORMAT = "dwarf-with-dsym";
				ENABLE_NS_ASSERTIONS = NO;
				ENABLE_STRICT_OBJC_MSGSEND = YES;
				GCC_C_LANGUAGE_STANDARD = gnu11;
				GCC_NO_COMMON_BLOCKS = YES;
				GCC_WARN_64_TO_32_BIT_CONVERSION = YES;
				GCC_WARN_ABOUT_RETURN_TYPE = YES_ERROR;
				GCC_WARN_UNDECLARED_SELECTOR = YES;
				GCC_WARN_UNINITIALIZED_AUTOS = YES_AGGRESSIVE;
				GCC_WARN_UNUSED_FUNCTION = YES;
				GCC_WARN_UNUSED_VARIABLE = YES;
				IPHONEOS_DEPLOYMENT_TARGET = 16.4;
				MTL_ENABLE_DEBUG_INFO = NO;
				MTL_FAST_MATH = YES;
				SDKROOT = iphoneos;
				SWIFT_COMPILATION_MODE = wholemodule;
				SWIFT_OPTIMIZATION_LEVEL = "-O";
				VALIDATE_PRODUCT = YES;
			};
			name = Release;
		};
		A5DF44462A08194000491528 /* Debug */ = {
			isa = XCBuildConfiguration;
			buildSettings = {
				ASSETCATALOG_COMPILER_APPICON_NAME = AppIcon;
				ASSETCATALOG_COMPILER_GLOBAL_ACCENT_COLOR_NAME = AccentColor;
				CODE_SIGN_STYLE = Automatic;
				CURRENT_PROJECT_VERSION = 1;
				DEVELOPMENT_TEAM = TWQL7PLAUC;
				GENERATE_INFOPLIST_FILE = YES;
				INFOPLIST_FILE = NewsToDay/Info.plist;
				INFOPLIST_KEY_UIApplicationSupportsIndirectInputEvents = YES;
				INFOPLIST_KEY_UILaunchStoryboardName = LaunchScreen;
				INFOPLIST_KEY_UIStatusBarHidden = YES;
				INFOPLIST_KEY_UISupportedInterfaceOrientations = UIInterfaceOrientationPortrait;
				INFOPLIST_KEY_UISupportedInterfaceOrientations_iPhone = "UIInterfaceOrientationPortrait UIInterfaceOrientationLandscapeLeft UIInterfaceOrientationLandscapeRight";
				IPHONEOS_DEPLOYMENT_TARGET = 15.0;
				LD_RUNPATH_SEARCH_PATHS = (
					"$(inherited)",
					"@executable_path/Frameworks",
				);
				MARKETING_VERSION = 1.0;
				PRODUCT_BUNDLE_IDENTIFIER = "zvontsov-adadigital.ru.NewsToDay";
				PRODUCT_NAME = "$(TARGET_NAME)";
				SUPPORTED_PLATFORMS = "iphoneos iphonesimulator";
				SUPPORTS_MACCATALYST = NO;
				SUPPORTS_MAC_DESIGNED_FOR_IPHONE_IPAD = NO;
				SWIFT_EMIT_LOC_STRINGS = YES;
				SWIFT_VERSION = 5.0;
				TARGETED_DEVICE_FAMILY = 1;
			};
			name = Debug;
		};
		A5DF44472A08194000491528 /* Release */ = {
			isa = XCBuildConfiguration;
			buildSettings = {
				ASSETCATALOG_COMPILER_APPICON_NAME = AppIcon;
				ASSETCATALOG_COMPILER_GLOBAL_ACCENT_COLOR_NAME = AccentColor;
				CODE_SIGN_STYLE = Automatic;
				CURRENT_PROJECT_VERSION = 1;
				DEVELOPMENT_TEAM = TWQL7PLAUC;
				GENERATE_INFOPLIST_FILE = YES;
				INFOPLIST_FILE = NewsToDay/Info.plist;
				INFOPLIST_KEY_UIApplicationSupportsIndirectInputEvents = YES;
				INFOPLIST_KEY_UILaunchStoryboardName = LaunchScreen;
				INFOPLIST_KEY_UIStatusBarHidden = YES;
				INFOPLIST_KEY_UISupportedInterfaceOrientations = UIInterfaceOrientationPortrait;
				INFOPLIST_KEY_UISupportedInterfaceOrientations_iPhone = "UIInterfaceOrientationPortrait UIInterfaceOrientationLandscapeLeft UIInterfaceOrientationLandscapeRight";
				IPHONEOS_DEPLOYMENT_TARGET = 15.0;
				LD_RUNPATH_SEARCH_PATHS = (
					"$(inherited)",
					"@executable_path/Frameworks",
				);
				MARKETING_VERSION = 1.0;
				PRODUCT_BUNDLE_IDENTIFIER = "zvontsov-adadigital.ru.NewsToDay";
				PRODUCT_NAME = "$(TARGET_NAME)";
				SUPPORTED_PLATFORMS = "iphoneos iphonesimulator";
				SUPPORTS_MACCATALYST = NO;
				SUPPORTS_MAC_DESIGNED_FOR_IPHONE_IPAD = NO;
				SWIFT_EMIT_LOC_STRINGS = YES;
				SWIFT_VERSION = 5.0;
				TARGETED_DEVICE_FAMILY = 1;
			};
			name = Release;
		};
/* End XCBuildConfiguration section */

/* Begin XCConfigurationList section */
		A5DF442C2A08193F00491528 /* Build configuration list for PBXProject "NewsToDay" */ = {
			isa = XCConfigurationList;
			buildConfigurations = (
				A5DF44432A08194000491528 /* Debug */,
				A5DF44442A08194000491528 /* Release */,
			);
			defaultConfigurationIsVisible = 0;
			defaultConfigurationName = Release;
		};
		A5DF44452A08194000491528 /* Build configuration list for PBXNativeTarget "NewsToDay" */ = {
			isa = XCConfigurationList;
			buildConfigurations = (
				A5DF44462A08194000491528 /* Debug */,
				A5DF44472A08194000491528 /* Release */,
			);
			defaultConfigurationIsVisible = 0;
			defaultConfigurationName = Release;
		};
/* End XCConfigurationList section */

/* Begin XCRemoteSwiftPackageReference section */
		73DBA1572A1515BA003FB173 /* XCRemoteSwiftPackageReference "Kingfisher" */ = {
			isa = XCRemoteSwiftPackageReference;
			repositoryURL = "https://github.com/onevcat/Kingfisher.git";
			requirement = {
				kind = exactVersion;
				version = 7.6.2;
			};
		};
		A282D0E52A18FEC200DC354F /* XCRemoteSwiftPackageReference "SnapKit" */ = {
			isa = XCRemoteSwiftPackageReference;
			repositoryURL = "https://github.com/SnapKit/SnapKit";
			requirement = {
				kind = upToNextMajorVersion;
				minimumVersion = 5.0.0;
			};
		};
/* End XCRemoteSwiftPackageReference section */

/* Begin XCSwiftPackageProductDependency section */
		73DBA1582A1515BA003FB173 /* Kingfisher */ = {
			isa = XCSwiftPackageProductDependency;
			package = 73DBA1572A1515BA003FB173 /* XCRemoteSwiftPackageReference "Kingfisher" */;
			productName = Kingfisher;
		};
		A282D0E62A18FEC200DC354F /* SnapKit */ = {
			isa = XCSwiftPackageProductDependency;
			package = A282D0E52A18FEC200DC354F /* XCRemoteSwiftPackageReference "SnapKit" */;
			productName = SnapKit;
		};
/* End XCSwiftPackageProductDependency section */
	};
	rootObject = A5DF44292A08193F00491528 /* Project object */;
}
