// !$*UTF8*$!
{
	archiveVersion = 1;
	classes = {
	};
	objectVersion = 56;
	objects = {

/* Begin PBXBuildFile section */
		0D037C572A0AA191002F7EE3 /* NewsViewConroller.swift in Sources */ = {isa = PBXBuildFile; fileRef = 0D037C562A0AA191002F7EE3 /* NewsViewConroller.swift */; };
		0D037C592A0BCCEA002F7EE3 /* Resources.swift in Sources */ = {isa = PBXBuildFile; fileRef = 0D037C582A0BCCEA002F7EE3 /* Resources.swift */; };
		0D037C632A0BD810002F7EE3 /* Inter.ttf in Resources */ = {isa = PBXBuildFile; fileRef = 0D037C622A0BD810002F7EE3 /* Inter.ttf */; };
		94A2A1962A0A8A67001DCEC0 /* NewsManager.swift in Sources */ = {isa = PBXBuildFile; fileRef = 94A2A1952A0A8A67001DCEC0 /* NewsManager.swift */; };
		A5DF44352A08193F00491528 /* AppDelegate.swift in Sources */ = {isa = PBXBuildFile; fileRef = A5DF44342A08193F00491528 /* AppDelegate.swift */; };
		A5DF44372A08193F00491528 /* SceneDelegate.swift in Sources */ = {isa = PBXBuildFile; fileRef = A5DF44362A08193F00491528 /* SceneDelegate.swift */; };
		A5DF44392A08193F00491528 /* ViewController.swift in Sources */ = {isa = PBXBuildFile; fileRef = A5DF44382A08193F00491528 /* ViewController.swift */; };
		A5DF443E2A08194000491528 /* Assets.xcassets in Resources */ = {isa = PBXBuildFile; fileRef = A5DF443D2A08194000491528 /* Assets.xcassets */; };
		A5DF44412A08194000491528 /* LaunchScreen.storyboard in Resources */ = {isa = PBXBuildFile; fileRef = A5DF443F2A08194000491528 /* LaunchScreen.storyboard */; };
		A5FAADF62A0AD0DA00499B78 /* CustomView.swift in Sources */ = {isa = PBXBuildFile; fileRef = A5FAADF52A0AD0DA00499B78 /* CustomView.swift */; };
		A5FAADF82A0AD0E800499B78 /* CustomViewController.swift in Sources */ = {isa = PBXBuildFile; fileRef = A5FAADF72A0AD0E800499B78 /* CustomViewController.swift */; };
		A5FAADFA2A0AD12200499B78 /* Localizable_RU.strings in Resources */ = {isa = PBXBuildFile; fileRef = A5FAADF92A0AD12200499B78 /* Localizable_RU.strings */; };
		A5FAADFC2A0AD21500499B78 /* CustomTabBar.swift in Sources */ = {isa = PBXBuildFile; fileRef = A5FAADFB2A0AD21500499B78 /* CustomTabBar.swift */; };
		A5FAADFF2A0ADEFC00499B78 /* HomeView.swift in Sources */ = {isa = PBXBuildFile; fileRef = A5FAADFE2A0ADEFC00499B78 /* HomeView.swift */; };
		A5FAAE012A0ADF1000499B78 /* CategoriesView.swift in Sources */ = {isa = PBXBuildFile; fileRef = A5FAAE002A0ADF1000499B78 /* CategoriesView.swift */; };
		A5FAAE032A0ADF4100499B78 /* BookmarksView.swift in Sources */ = {isa = PBXBuildFile; fileRef = A5FAAE022A0ADF4100499B78 /* BookmarksView.swift */; };
		A5FAAE052A0ADF5300499B78 /* ProfileView.swift in Sources */ = {isa = PBXBuildFile; fileRef = A5FAAE042A0ADF5300499B78 /* ProfileView.swift */; };
		A5FAAE072A0ADF6F00499B78 /* HomeViewController.swift in Sources */ = {isa = PBXBuildFile; fileRef = A5FAAE062A0ADF6F00499B78 /* HomeViewController.swift */; };
		A5FAAE092A0ADF8200499B78 /* CategoriesViewController.swift in Sources */ = {isa = PBXBuildFile; fileRef = A5FAAE082A0ADF8200499B78 /* CategoriesViewController.swift */; };
		A5FAAE0B2A0ADF9300499B78 /* BookmarksViewController.swift in Sources */ = {isa = PBXBuildFile; fileRef = A5FAAE0A2A0ADF9300499B78 /* BookmarksViewController.swift */; };
		A5FAAE0D2A0ADFA100499B78 /* ProfileViewController.swift in Sources */ = {isa = PBXBuildFile; fileRef = A5FAAE0C2A0ADFA100499B78 /* ProfileViewController.swift */; };
		A5FAAE1D2A0AE57600499B78 /* SnapKit in Frameworks */ = {isa = PBXBuildFile; productRef = A5FAAE1C2A0AE57600499B78 /* SnapKit */; };
/* End PBXBuildFile section */

/* Begin PBXFileReference section */
		0D037C562A0AA191002F7EE3 /* NewsViewConroller.swift */ = {isa = PBXFileReference; lastKnownFileType = sourcecode.swift; path = NewsViewConroller.swift; sourceTree = "<group>"; };
		0D037C582A0BCCEA002F7EE3 /* Resources.swift */ = {isa = PBXFileReference; lastKnownFileType = sourcecode.swift; path = Resources.swift; sourceTree = "<group>"; };
		0D037C622A0BD810002F7EE3 /* Inter.ttf */ = {isa = PBXFileReference; lastKnownFileType = file; name = Inter.ttf; path = ../../../.Trash/Inter.ttf; sourceTree = "<group>"; };
		94A2A1952A0A8A67001DCEC0 /* NewsManager.swift */ = {isa = PBXFileReference; lastKnownFileType = sourcecode.swift; path = NewsManager.swift; sourceTree = "<group>"; };
		A5DF44312A08193F00491528 /* NewsToDay.app */ = {isa = PBXFileReference; explicitFileType = wrapper.application; includeInIndex = 0; path = NewsToDay.app; sourceTree = BUILT_PRODUCTS_DIR; };
		A5DF44342A08193F00491528 /* AppDelegate.swift */ = {isa = PBXFileReference; lastKnownFileType = sourcecode.swift; path = AppDelegate.swift; sourceTree = "<group>"; };
		A5DF44362A08193F00491528 /* SceneDelegate.swift */ = {isa = PBXFileReference; lastKnownFileType = sourcecode.swift; path = SceneDelegate.swift; sourceTree = "<group>"; };
		A5DF44382A08193F00491528 /* ViewController.swift */ = {isa = PBXFileReference; lastKnownFileType = sourcecode.swift; path = ViewController.swift; sourceTree = "<group>"; };
		A5DF443D2A08194000491528 /* Assets.xcassets */ = {isa = PBXFileReference; lastKnownFileType = folder.assetcatalog; path = Assets.xcassets; sourceTree = "<group>"; };
		A5DF44402A08194000491528 /* Base */ = {isa = PBXFileReference; lastKnownFileType = file.storyboard; name = Base; path = Base.lproj/LaunchScreen.storyboard; sourceTree = "<group>"; };
		A5DF44422A08194000491528 /* Info.plist */ = {isa = PBXFileReference; lastKnownFileType = text.plist.xml; path = Info.plist; sourceTree = "<group>"; };
		A5FAADF52A0AD0DA00499B78 /* CustomView.swift */ = {isa = PBXFileReference; lastKnownFileType = sourcecode.swift; path = CustomView.swift; sourceTree = "<group>"; };
		A5FAADF72A0AD0E800499B78 /* CustomViewController.swift */ = {isa = PBXFileReference; lastKnownFileType = sourcecode.swift; path = CustomViewController.swift; sourceTree = "<group>"; };
		A5FAADF92A0AD12200499B78 /* Localizable_RU.strings */ = {isa = PBXFileReference; lastKnownFileType = text.plist.strings; path = Localizable_RU.strings; sourceTree = "<group>"; };
		A5FAADFB2A0AD21500499B78 /* CustomTabBar.swift */ = {isa = PBXFileReference; lastKnownFileType = sourcecode.swift; path = CustomTabBar.swift; sourceTree = "<group>"; };
		A5FAADFE2A0ADEFC00499B78 /* HomeView.swift */ = {isa = PBXFileReference; lastKnownFileType = sourcecode.swift; path = HomeView.swift; sourceTree = "<group>"; };
		A5FAAE002A0ADF1000499B78 /* CategoriesView.swift */ = {isa = PBXFileReference; lastKnownFileType = sourcecode.swift; path = CategoriesView.swift; sourceTree = "<group>"; };
		A5FAAE022A0ADF4100499B78 /* BookmarksView.swift */ = {isa = PBXFileReference; lastKnownFileType = sourcecode.swift; path = BookmarksView.swift; sourceTree = "<group>"; };
		A5FAAE042A0ADF5300499B78 /* ProfileView.swift */ = {isa = PBXFileReference; lastKnownFileType = sourcecode.swift; path = ProfileView.swift; sourceTree = "<group>"; };
		A5FAAE062A0ADF6F00499B78 /* HomeViewController.swift */ = {isa = PBXFileReference; lastKnownFileType = sourcecode.swift; path = HomeViewController.swift; sourceTree = "<group>"; };
		A5FAAE082A0ADF8200499B78 /* CategoriesViewController.swift */ = {isa = PBXFileReference; lastKnownFileType = sourcecode.swift; path = CategoriesViewController.swift; sourceTree = "<group>"; };
		A5FAAE0A2A0ADF9300499B78 /* BookmarksViewController.swift */ = {isa = PBXFileReference; lastKnownFileType = sourcecode.swift; path = BookmarksViewController.swift; sourceTree = "<group>"; };
		A5FAAE0C2A0ADFA100499B78 /* ProfileViewController.swift */ = {isa = PBXFileReference; lastKnownFileType = sourcecode.swift; path = ProfileViewController.swift; sourceTree = "<group>"; };
/* End PBXFileReference section */

/* Begin PBXFrameworksBuildPhase section */
		A5DF442E2A08193F00491528 /* Frameworks */ = {
			isa = PBXFrameworksBuildPhase;
			buildActionMask = 2147483647;
			files = (
				A5FAAE1D2A0AE57600499B78 /* SnapKit in Frameworks */,
			);
			runOnlyForDeploymentPostprocessing = 0;
		};
/* End PBXFrameworksBuildPhase section */

/* Begin PBXGroup section */
		0D037C5A2A0BCCF0002F7EE3 /* Resources */ = {
			isa = PBXGroup;
			children = (
				0D037C582A0BCCEA002F7EE3 /* Resources.swift */,
			);
			path = Resources;
			sourceTree = "<group>";
		};
		0D037C5D2A0BD456002F7EE3 /* Font */ = {
			isa = PBXGroup;
			children = (
				0D037C622A0BD810002F7EE3 /* Inter.ttf */,
			);
			path = Font;
			sourceTree = "<group>";
		};
		94A2A1972A0A8A79001DCEC0 /* Model */ = {
			isa = PBXGroup;
			children = (
				94A2A1952A0A8A67001DCEC0 /* NewsManager.swift */,
			);
			path = Model;
			sourceTree = "<group>";
		};
		94A2A1982A0A8A80001DCEC0 /* Controller */ = {
			isa = PBXGroup;
			children = (
				A5DF44382A08193F00491528 /* ViewController.swift */,
				0D037C562A0AA191002F7EE3 /* NewsViewConroller.swift */,
				A5FAAE0F2A0AE0B500499B78 /* HomeController */,
				A5FAAE122A0AE0E500499B78 /* CategoriesController */,
				A5FAAE152A0AE10B00499B78 /* BookmarksController */,
				A5FAAE182A0AE1F000499B78 /* ProfileController */,
			);
			path = Controller;
			sourceTree = "<group>";
		};
		A5DF44282A08193F00491528 = {
			isa = PBXGroup;
			children = (
				A5DF44332A08193F00491528 /* NewsToDay */,
				A5DF44322A08193F00491528 /* Products */,
			);
			sourceTree = "<group>";
		};
		A5DF44322A08193F00491528 /* Products */ = {
			isa = PBXGroup;
			children = (
				A5DF44312A08193F00491528 /* NewsToDay.app */,
			);
			name = Products;
			sourceTree = "<group>";
		};
		A5DF44332A08193F00491528 /* NewsToDay */ = {
			isa = PBXGroup;
			children = (
				A5FAADF42A0AD0C200499B78 /* Services */,
				A5DF44342A08193F00491528 /* AppDelegate.swift */,
				A5DF44362A08193F00491528 /* SceneDelegate.swift */,
				94A2A1972A0A8A79001DCEC0 /* Model */,
				94A2A1982A0A8A80001DCEC0 /* Controller */,
				0D037C5A2A0BCCF0002F7EE3 /* Resources */,
				A5DF443F2A08194000491528 /* LaunchScreen.storyboard */,
				A5DF443D2A08194000491528 /* Assets.xcassets */,
				A5DF44422A08194000491528 /* Info.plist */,
				0D037C5D2A0BD456002F7EE3 /* Font */,
			);
			path = NewsToDay;
			sourceTree = "<group>";
		};
		A5FAADF42A0AD0C200499B78 /* Services */ = {
			isa = PBXGroup;
			children = (
				A5FAADF52A0AD0DA00499B78 /* CustomView.swift */,
				A5FAADF92A0AD12200499B78 /* Localizable_RU.strings */,
				A5FAADF72A0AD0E800499B78 /* CustomViewController.swift */,
				A5FAADFB2A0AD21500499B78 /* CustomTabBar.swift */,
			);
			path = Services;
			sourceTree = "<group>";
		};
		A5FAAE0F2A0AE0B500499B78 /* HomeController */ = {
			isa = PBXGroup;
			children = (
				A5FAAE112A0AE0D400499B78 /* View */,
				A5FAAE102A0AE0CC00499B78 /* Controller */,
			);
			path = HomeController;
			sourceTree = "<group>";
		};
		A5FAAE102A0AE0CC00499B78 /* Controller */ = {
			isa = PBXGroup;
			children = (
				A5FAAE062A0ADF6F00499B78 /* HomeViewController.swift */,
			);
			path = Controller;
			sourceTree = "<group>";
		};
		A5FAAE112A0AE0D400499B78 /* View */ = {
			isa = PBXGroup;
			children = (
				A5FAADFE2A0ADEFC00499B78 /* HomeView.swift */,
			);
			path = View;
			sourceTree = "<group>";
		};
		A5FAAE122A0AE0E500499B78 /* CategoriesController */ = {
			isa = PBXGroup;
			children = (
				A5FAAE142A0AE0FE00499B78 /* View */,
				A5FAAE132A0AE0F600499B78 /* Controller */,
			);
			path = CategoriesController;
			sourceTree = "<group>";
		};
		A5FAAE132A0AE0F600499B78 /* Controller */ = {
			isa = PBXGroup;
			children = (
				A5FAAE082A0ADF8200499B78 /* CategoriesViewController.swift */,
			);
			path = Controller;
			sourceTree = "<group>";
		};
		A5FAAE142A0AE0FE00499B78 /* View */ = {
			isa = PBXGroup;
			children = (
				A5FAAE002A0ADF1000499B78 /* CategoriesView.swift */,
			);
			path = View;
			sourceTree = "<group>";
		};
		A5FAAE152A0AE10B00499B78 /* BookmarksController */ = {
			isa = PBXGroup;
			children = (
				A5FAAE172A0AE12400499B78 /* View */,
				A5FAAE162A0AE11D00499B78 /* Controller */,
			);
			path = BookmarksController;
			sourceTree = "<group>";
		};
		A5FAAE162A0AE11D00499B78 /* Controller */ = {
			isa = PBXGroup;
			children = (
				A5FAAE0A2A0ADF9300499B78 /* BookmarksViewController.swift */,
			);
			path = Controller;
			sourceTree = "<group>";
		};
		A5FAAE172A0AE12400499B78 /* View */ = {
			isa = PBXGroup;
			children = (
				A5FAAE022A0ADF4100499B78 /* BookmarksView.swift */,
			);
			path = View;
			sourceTree = "<group>";
		};
		A5FAAE182A0AE1F000499B78 /* ProfileController */ = {
			isa = PBXGroup;
			children = (
				A5FAAE1A2A0AE20800499B78 /* View */,
				A5FAAE192A0AE20000499B78 /* Controller */,
			);
			path = ProfileController;
			sourceTree = "<group>";
		};
		A5FAAE192A0AE20000499B78 /* Controller */ = {
			isa = PBXGroup;
			children = (
				A5FAAE0C2A0ADFA100499B78 /* ProfileViewController.swift */,
			);
			path = Controller;
			sourceTree = "<group>";
		};
		A5FAAE1A2A0AE20800499B78 /* View */ = {
			isa = PBXGroup;
			children = (
				A5FAAE042A0ADF5300499B78 /* ProfileView.swift */,
			);
			path = View;
			sourceTree = "<group>";
		};
/* End PBXGroup section */

/* Begin PBXNativeTarget section */
		A5DF44302A08193F00491528 /* NewsToDay */ = {
			isa = PBXNativeTarget;
			buildConfigurationList = A5DF44452A08194000491528 /* Build configuration list for PBXNativeTarget "NewsToDay" */;
			buildPhases = (
				A5DF442D2A08193F00491528 /* Sources */,
				A5DF442E2A08193F00491528 /* Frameworks */,
				A5DF442F2A08193F00491528 /* Resources */,
			);
			buildRules = (
			);
			dependencies = (
			);
			name = NewsToDay;
			packageProductDependencies = (
				A5FAAE1C2A0AE57600499B78 /* SnapKit */,
			);
			productName = NewsToDay;
			productReference = A5DF44312A08193F00491528 /* NewsToDay.app */;
			productType = "com.apple.product-type.application";
		};
/* End PBXNativeTarget section */

/* Begin PBXProject section */
		A5DF44292A08193F00491528 /* Project object */ = {
			isa = PBXProject;
			attributes = {
				BuildIndependentTargetsInParallel = 1;
				LastSwiftUpdateCheck = 1430;
				LastUpgradeCheck = 1430;
				TargetAttributes = {
					A5DF44302A08193F00491528 = {
						CreatedOnToolsVersion = 14.3;
					};
				};
			};
			buildConfigurationList = A5DF442C2A08193F00491528 /* Build configuration list for PBXProject "NewsToDay" */;
			compatibilityVersion = "Xcode 14.0";
			developmentRegion = en;
			hasScannedForEncodings = 0;
			knownRegions = (
				en,
				Base,
			);
			mainGroup = A5DF44282A08193F00491528;
			packageReferences = (
				A5FAAE1B2A0AE57600499B78 /* XCRemoteSwiftPackageReference "SnapKit" */,
			);
			productRefGroup = A5DF44322A08193F00491528 /* Products */;
			projectDirPath = "";
			projectRoot = "";
			targets = (
				A5DF44302A08193F00491528 /* NewsToDay */,
			);
		};
/* End PBXProject section */

/* Begin PBXResourcesBuildPhase section */
		A5DF442F2A08193F00491528 /* Resources */ = {
			isa = PBXResourcesBuildPhase;
			buildActionMask = 2147483647;
			files = (
				A5DF44412A08194000491528 /* LaunchScreen.storyboard in Resources */,
				A5FAADFA2A0AD12200499B78 /* Localizable_RU.strings in Resources */,
				A5DF443E2A08194000491528 /* Assets.xcassets in Resources */,
				0D037C632A0BD810002F7EE3 /* Inter.ttf in Resources */,
			);
			runOnlyForDeploymentPostprocessing = 0;
		};
/* End PBXResourcesBuildPhase section */

/* Begin PBXSourcesBuildPhase section */
		A5DF442D2A08193F00491528 /* Sources */ = {
			isa = PBXSourcesBuildPhase;
			buildActionMask = 2147483647;
			files = (
				A5FAAE0B2A0ADF9300499B78 /* BookmarksViewController.swift in Sources */,
				A5FAADFF2A0ADEFC00499B78 /* HomeView.swift in Sources */,
				A5FAAE032A0ADF4100499B78 /* BookmarksView.swift in Sources */,
				94A2A1962A0A8A67001DCEC0 /* NewsManager.swift in Sources */,
				A5FAADF82A0AD0E800499B78 /* CustomViewController.swift in Sources */,
				A5FAAE052A0ADF5300499B78 /* ProfileView.swift in Sources */,
				A5FAAE0D2A0ADFA100499B78 /* ProfileViewController.swift in Sources */,
				A5DF44392A08193F00491528 /* ViewController.swift in Sources */,
				0D037C572A0AA191002F7EE3 /* NewsViewConroller.swift in Sources */,
				0D037C592A0BCCEA002F7EE3 /* Resources.swift in Sources */,
				A5FAADFC2A0AD21500499B78 /* CustomTabBar.swift in Sources */,
				A5FAADF62A0AD0DA00499B78 /* CustomView.swift in Sources */,
				A5DF44352A08193F00491528 /* AppDelegate.swift in Sources */,
				A5FAAE012A0ADF1000499B78 /* CategoriesView.swift in Sources */,
				A5FAAE072A0ADF6F00499B78 /* HomeViewController.swift in Sources */,
				A5FAAE092A0ADF8200499B78 /* CategoriesViewController.swift in Sources */,
				A5DF44372A08193F00491528 /* SceneDelegate.swift in Sources */,
			);
			runOnlyForDeploymentPostprocessing = 0;
		};
/* End PBXSourcesBuildPhase section */

/* Begin PBXVariantGroup section */
		A5DF443F2A08194000491528 /* LaunchScreen.storyboard */ = {
			isa = PBXVariantGroup;
			children = (
				A5DF44402A08194000491528 /* Base */,
			);
			name = LaunchScreen.storyboard;
			sourceTree = "<group>";
		};
/* End PBXVariantGroup section */

/* Begin XCBuildConfiguration section */
		A5DF44432A08194000491528 /* Debug */ = {
			isa = XCBuildConfiguration;
			buildSettings = {
				ALWAYS_SEARCH_USER_PATHS = NO;
				CLANG_ANALYZER_NONNULL = YES;
				CLANG_ANALYZER_NUMBER_OBJECT_CONVERSION = YES_AGGRESSIVE;
				CLANG_CXX_LANGUAGE_STANDARD = "gnu++20";
				CLANG_ENABLE_MODULES = YES;
				CLANG_ENABLE_OBJC_ARC = YES;
				CLANG_ENABLE_OBJC_WEAK = YES;
				CLANG_WARN_BLOCK_CAPTURE_AUTORELEASING = YES;
				CLANG_WARN_BOOL_CONVERSION = YES;
				CLANG_WARN_COMMA = YES;
				CLANG_WARN_CONSTANT_CONVERSION = YES;
				CLANG_WARN_DEPRECATED_OBJC_IMPLEMENTATIONS = YES;
				CLANG_WARN_DIRECT_OBJC_ISA_USAGE = YES_ERROR;
				CLANG_WARN_DOCUMENTATION_COMMENTS = YES;
				CLANG_WARN_EMPTY_BODY = YES;
				CLANG_WARN_ENUM_CONVERSION = YES;
				CLANG_WARN_INFINITE_RECURSION = YES;
				CLANG_WARN_INT_CONVERSION = YES;
				CLANG_WARN_NON_LITERAL_NULL_CONVERSION = YES;
				CLANG_WARN_OBJC_IMPLICIT_RETAIN_SELF = YES;
				CLANG_WARN_OBJC_LITERAL_CONVERSION = YES;
				CLANG_WARN_OBJC_ROOT_CLASS = YES_ERROR;
				CLANG_WARN_QUOTED_INCLUDE_IN_FRAMEWORK_HEADER = YES;
				CLANG_WARN_RANGE_LOOP_ANALYSIS = YES;
				CLANG_WARN_STRICT_PROTOTYPES = YES;
				CLANG_WARN_SUSPICIOUS_MOVE = YES;
				CLANG_WARN_UNGUARDED_AVAILABILITY = YES_AGGRESSIVE;
				CLANG_WARN_UNREACHABLE_CODE = YES;
				CLANG_WARN__DUPLICATE_METHOD_MATCH = YES;
				COPY_PHASE_STRIP = NO;
				DEBUG_INFORMATION_FORMAT = dwarf;
				ENABLE_STRICT_OBJC_MSGSEND = YES;
				ENABLE_TESTABILITY = YES;
				GCC_C_LANGUAGE_STANDARD = gnu11;
				GCC_DYNAMIC_NO_PIC = NO;
				GCC_NO_COMMON_BLOCKS = YES;
				GCC_OPTIMIZATION_LEVEL = 0;
				GCC_PREPROCESSOR_DEFINITIONS = (
					"DEBUG=1",
					"$(inherited)",
				);
				GCC_WARN_64_TO_32_BIT_CONVERSION = YES;
				GCC_WARN_ABOUT_RETURN_TYPE = YES_ERROR;
				GCC_WARN_UNDECLARED_SELECTOR = YES;
				GCC_WARN_UNINITIALIZED_AUTOS = YES_AGGRESSIVE;
				GCC_WARN_UNUSED_FUNCTION = YES;
				GCC_WARN_UNUSED_VARIABLE = YES;
				IPHONEOS_DEPLOYMENT_TARGET = 16.4;
				MTL_ENABLE_DEBUG_INFO = INCLUDE_SOURCE;
				MTL_FAST_MATH = YES;
				ONLY_ACTIVE_ARCH = YES;
				SDKROOT = iphoneos;
				SWIFT_ACTIVE_COMPILATION_CONDITIONS = DEBUG;
				SWIFT_OPTIMIZATION_LEVEL = "-Onone";
			};
			name = Debug;
		};
		A5DF44442A08194000491528 /* Release */ = {
			isa = XCBuildConfiguration;
			buildSettings = {
				ALWAYS_SEARCH_USER_PATHS = NO;
				CLANG_ANALYZER_NONNULL = YES;
				CLANG_ANALYZER_NUMBER_OBJECT_CONVERSION = YES_AGGRESSIVE;
				CLANG_CXX_LANGUAGE_STANDARD = "gnu++20";
				CLANG_ENABLE_MODULES = YES;
				CLANG_ENABLE_OBJC_ARC = YES;
				CLANG_ENABLE_OBJC_WEAK = YES;
				CLANG_WARN_BLOCK_CAPTURE_AUTORELEASING = YES;
				CLANG_WARN_BOOL_CONVERSION = YES;
				CLANG_WARN_COMMA = YES;
				CLANG_WARN_CONSTANT_CONVERSION = YES;
				CLANG_WARN_DEPRECATED_OBJC_IMPLEMENTATIONS = YES;
				CLANG_WARN_DIRECT_OBJC_ISA_USAGE = YES_ERROR;
				CLANG_WARN_DOCUMENTATION_COMMENTS = YES;
				CLANG_WARN_EMPTY_BODY = YES;
				CLANG_WARN_ENUM_CONVERSION = YES;
				CLANG_WARN_INFINITE_RECURSION = YES;
				CLANG_WARN_INT_CONVERSION = YES;
				CLANG_WARN_NON_LITERAL_NULL_CONVERSION = YES;
				CLANG_WARN_OBJC_IMPLICIT_RETAIN_SELF = YES;
				CLANG_WARN_OBJC_LITERAL_CONVERSION = YES;
				CLANG_WARN_OBJC_ROOT_CLASS = YES_ERROR;
				CLANG_WARN_QUOTED_INCLUDE_IN_FRAMEWORK_HEADER = YES;
				CLANG_WARN_RANGE_LOOP_ANALYSIS = YES;
				CLANG_WARN_STRICT_PROTOTYPES = YES;
				CLANG_WARN_SUSPICIOUS_MOVE = YES;
				CLANG_WARN_UNGUARDED_AVAILABILITY = YES_AGGRESSIVE;
				CLANG_WARN_UNREACHABLE_CODE = YES;
				CLANG_WARN__DUPLICATE_METHOD_MATCH = YES;
				COPY_PHASE_STRIP = NO;
				DEBUG_INFORMATION_FORMAT = "dwarf-with-dsym";
				ENABLE_NS_ASSERTIONS = NO;
				ENABLE_STRICT_OBJC_MSGSEND = YES;
				GCC_C_LANGUAGE_STANDARD = gnu11;
				GCC_NO_COMMON_BLOCKS = YES;
				GCC_WARN_64_TO_32_BIT_CONVERSION = YES;
				GCC_WARN_ABOUT_RETURN_TYPE = YES_ERROR;
				GCC_WARN_UNDECLARED_SELECTOR = YES;
				GCC_WARN_UNINITIALIZED_AUTOS = YES_AGGRESSIVE;
				GCC_WARN_UNUSED_FUNCTION = YES;
				GCC_WARN_UNUSED_VARIABLE = YES;
				IPHONEOS_DEPLOYMENT_TARGET = 16.4;
				MTL_ENABLE_DEBUG_INFO = NO;
				MTL_FAST_MATH = YES;
				SDKROOT = iphoneos;
				SWIFT_COMPILATION_MODE = wholemodule;
				SWIFT_OPTIMIZATION_LEVEL = "-O";
				VALIDATE_PRODUCT = YES;
			};
			name = Release;
		};
		A5DF44462A08194000491528 /* Debug */ = {
			isa = XCBuildConfiguration;
			buildSettings = {
				ASSETCATALOG_COMPILER_APPICON_NAME = AppIcon;
				ASSETCATALOG_COMPILER_GLOBAL_ACCENT_COLOR_NAME = AccentColor;
				CODE_SIGN_STYLE = Automatic;
				CURRENT_PROJECT_VERSION = 1;
				DEVELOPMENT_TEAM = TWQL7PLAUC;
				GENERATE_INFOPLIST_FILE = YES;
				INFOPLIST_FILE = NewsToDay/Info.plist;
				INFOPLIST_KEY_UIApplicationSupportsIndirectInputEvents = YES;
				INFOPLIST_KEY_UILaunchStoryboardName = LaunchScreen;
				INFOPLIST_KEY_UISupportedInterfaceOrientations_iPad = "UIInterfaceOrientationPortrait UIInterfaceOrientationPortraitUpsideDown UIInterfaceOrientationLandscapeLeft UIInterfaceOrientationLandscapeRight";
				INFOPLIST_KEY_UISupportedInterfaceOrientations_iPhone = "UIInterfaceOrientationPortrait UIInterfaceOrientationLandscapeLeft UIInterfaceOrientationLandscapeRight";
				LD_RUNPATH_SEARCH_PATHS = (
					"$(inherited)",
					"@executable_path/Frameworks",
				);
				MARKETING_VERSION = 1.0;
				PRODUCT_BUNDLE_IDENTIFIER = "zvontsov-adadigital.ru.NewsToDay";
				PRODUCT_NAME = "$(TARGET_NAME)";
				SWIFT_EMIT_LOC_STRINGS = YES;
				SWIFT_VERSION = 5.0;
				TARGETED_DEVICE_FAMILY = "1,2";
			};
			name = Debug;
		};
		A5DF44472A08194000491528 /* Release */ = {
			isa = XCBuildConfiguration;
			buildSettings = {
				ASSETCATALOG_COMPILER_APPICON_NAME = AppIcon;
				ASSETCATALOG_COMPILER_GLOBAL_ACCENT_COLOR_NAME = AccentColor;
				CODE_SIGN_STYLE = Automatic;
				CURRENT_PROJECT_VERSION = 1;
				DEVELOPMENT_TEAM = TWQL7PLAUC;
				GENERATE_INFOPLIST_FILE = YES;
				INFOPLIST_FILE = NewsToDay/Info.plist;
				INFOPLIST_KEY_UIApplicationSupportsIndirectInputEvents = YES;
				INFOPLIST_KEY_UILaunchStoryboardName = LaunchScreen;
				INFOPLIST_KEY_UISupportedInterfaceOrientations_iPad = "UIInterfaceOrientationPortrait UIInterfaceOrientationPortraitUpsideDown UIInterfaceOrientationLandscapeLeft UIInterfaceOrientationLandscapeRight";
				INFOPLIST_KEY_UISupportedInterfaceOrientations_iPhone = "UIInterfaceOrientationPortrait UIInterfaceOrientationLandscapeLeft UIInterfaceOrientationLandscapeRight";
				LD_RUNPATH_SEARCH_PATHS = (
					"$(inherited)",
					"@executable_path/Frameworks",
				);
				MARKETING_VERSION = 1.0;
				PRODUCT_BUNDLE_IDENTIFIER = "zvontsov-adadigital.ru.NewsToDay";
				PRODUCT_NAME = "$(TARGET_NAME)";
				SWIFT_EMIT_LOC_STRINGS = YES;
				SWIFT_VERSION = 5.0;
				TARGETED_DEVICE_FAMILY = "1,2";
			};
			name = Release;
		};
/* End XCBuildConfiguration section */

/* Begin XCConfigurationList section */
		A5DF442C2A08193F00491528 /* Build configuration list for PBXProject "NewsToDay" */ = {
			isa = XCConfigurationList;
			buildConfigurations = (
				A5DF44432A08194000491528 /* Debug */,
				A5DF44442A08194000491528 /* Release */,
			);
			defaultConfigurationIsVisible = 0;
			defaultConfigurationName = Release;
		};
		A5DF44452A08194000491528 /* Build configuration list for PBXNativeTarget "NewsToDay" */ = {
			isa = XCConfigurationList;
			buildConfigurations = (
				A5DF44462A08194000491528 /* Debug */,
				A5DF44472A08194000491528 /* Release */,
			);
			defaultConfigurationIsVisible = 0;
			defaultConfigurationName = Release;
		};
/* End XCConfigurationList section */

/* Begin XCRemoteSwiftPackageReference section */
		A5FAAE1B2A0AE57600499B78 /* XCRemoteSwiftPackageReference "SnapKit" */ = {
			isa = XCRemoteSwiftPackageReference;
			repositoryURL = "https://github.com/SnapKit/SnapKit.git";
			requirement = {
				kind = upToNextMajorVersion;
				minimumVersion = 5.0.0;
			};
		};
/* End XCRemoteSwiftPackageReference section */

/* Begin XCSwiftPackageProductDependency section */
		A5FAAE1C2A0AE57600499B78 /* SnapKit */ = {
			isa = XCSwiftPackageProductDependency;
			package = A5FAAE1B2A0AE57600499B78 /* XCRemoteSwiftPackageReference "SnapKit" */;
			productName = SnapKit;
		};
/* End XCSwiftPackageProductDependency section */
	};
	rootObject = A5DF44292A08193F00491528 /* Project object */;
}
